// !$*UTF8*$!
{
	archiveVersion = 1;
	classes = {
	};
	objectVersion = 50;
	objects = {

/* Begin PBXBuildFile section */
		18013797265D2365007FF09F /* PersistenceManager.swift in Sources */ = {isa = PBXBuildFile; fileRef = 18013796265D2365007FF09F /* PersistenceManager.swift */; };
		180137AC265D3258007FF09F /* ProfileDM+CoreDataClass.swift in Sources */ = {isa = PBXBuildFile; fileRef = 180137A6265D3258007FF09F /* ProfileDM+CoreDataClass.swift */; };
		180137AD265D3258007FF09F /* ProfileDM+CoreDataProperties.swift in Sources */ = {isa = PBXBuildFile; fileRef = 180137A7265D3258007FF09F /* ProfileDM+CoreDataProperties.swift */; };
		180137AE265D3258007FF09F /* FolderDM+CoreDataClass.swift in Sources */ = {isa = PBXBuildFile; fileRef = 180137A8265D3258007FF09F /* FolderDM+CoreDataClass.swift */; };
		180137B0265D3258007FF09F /* NoteDM+CoreDataClass.swift in Sources */ = {isa = PBXBuildFile; fileRef = 180137AA265D3258007FF09F /* NoteDM+CoreDataClass.swift */; };
		180137B1265D3258007FF09F /* NoteDM+CoreDataProperties.swift in Sources */ = {isa = PBXBuildFile; fileRef = 180137AB265D3258007FF09F /* NoteDM+CoreDataProperties.swift */; };
		180137C0265D490F007FF09F /* FolderDM+CoreDataProperties.swift in Sources */ = {isa = PBXBuildFile; fileRef = 180137BF265D490F007FF09F /* FolderDM+CoreDataProperties.swift */; };
		1857565F265955C1000B54C7 /* AppDelegate.swift in Sources */ = {isa = PBXBuildFile; fileRef = 1857565E265955C1000B54C7 /* AppDelegate.swift */; };
		18575663265955C1000B54C7 /* ViewController.swift in Sources */ = {isa = PBXBuildFile; fileRef = 18575662265955C1000B54C7 /* ViewController.swift */; };
		18575666265955C1000B54C7 /* Main.storyboard in Resources */ = {isa = PBXBuildFile; fileRef = 18575664265955C1000B54C7 /* Main.storyboard */; };
		18575669265955C1000B54C7 /* sNotes.xcdatamodeld in Sources */ = {isa = PBXBuildFile; fileRef = 18575667265955C1000B54C7 /* sNotes.xcdatamodeld */; };
		1857566B265955C3000B54C7 /* Assets.xcassets in Resources */ = {isa = PBXBuildFile; fileRef = 1857566A265955C3000B54C7 /* Assets.xcassets */; };
		1857566E265955C3000B54C7 /* LaunchScreen.storyboard in Resources */ = {isa = PBXBuildFile; fileRef = 1857566C265955C3000B54C7 /* LaunchScreen.storyboard */; };
/* End PBXBuildFile section */

/* Begin PBXFileReference section */
		18013796265D2365007FF09F /* PersistenceManager.swift */ = {isa = PBXFileReference; lastKnownFileType = sourcecode.swift; path = PersistenceManager.swift; sourceTree = "<group>"; };
		180137A6265D3258007FF09F /* ProfileDM+CoreDataClass.swift */ = {isa = PBXFileReference; lastKnownFileType = sourcecode.swift; path = "ProfileDM+CoreDataClass.swift"; sourceTree = SOURCE_ROOT; };
		180137A7265D3258007FF09F /* ProfileDM+CoreDataProperties.swift */ = {isa = PBXFileReference; lastKnownFileType = sourcecode.swift; path = "ProfileDM+CoreDataProperties.swift"; sourceTree = SOURCE_ROOT; };
		180137A8265D3258007FF09F /* FolderDM+CoreDataClass.swift */ = {isa = PBXFileReference; lastKnownFileType = sourcecode.swift; path = "FolderDM+CoreDataClass.swift"; sourceTree = SOURCE_ROOT; };
		180137AA265D3258007FF09F /* NoteDM+CoreDataClass.swift */ = {isa = PBXFileReference; lastKnownFileType = sourcecode.swift; path = "NoteDM+CoreDataClass.swift"; sourceTree = SOURCE_ROOT; };
		180137AB265D3258007FF09F /* NoteDM+CoreDataProperties.swift */ = {isa = PBXFileReference; lastKnownFileType = sourcecode.swift; path = "NoteDM+CoreDataProperties.swift"; sourceTree = SOURCE_ROOT; };
		180137BF265D490F007FF09F /* FolderDM+CoreDataProperties.swift */ = {isa = PBXFileReference; lastKnownFileType = sourcecode.swift; path = "FolderDM+CoreDataProperties.swift"; sourceTree = SOURCE_ROOT; };
		1857565B265955C1000B54C7 /* sNotes.app */ = {isa = PBXFileReference; explicitFileType = wrapper.application; includeInIndex = 0; path = sNotes.app; sourceTree = BUILT_PRODUCTS_DIR; };
		1857565E265955C1000B54C7 /* AppDelegate.swift */ = {isa = PBXFileReference; lastKnownFileType = sourcecode.swift; path = AppDelegate.swift; sourceTree = "<group>"; };
		18575662265955C1000B54C7 /* ViewController.swift */ = {isa = PBXFileReference; lastKnownFileType = sourcecode.swift; path = ViewController.swift; sourceTree = "<group>"; };
		18575665265955C1000B54C7 /* Base */ = {isa = PBXFileReference; lastKnownFileType = file.storyboard; name = Base; path = Base.lproj/Main.storyboard; sourceTree = "<group>"; };
		18575668265955C1000B54C7 /* sNotes.xcdatamodel */ = {isa = PBXFileReference; lastKnownFileType = wrapper.xcdatamodel; path = sNotes.xcdatamodel; sourceTree = "<group>"; };
		1857566A265955C3000B54C7 /* Assets.xcassets */ = {isa = PBXFileReference; lastKnownFileType = folder.assetcatalog; path = Assets.xcassets; sourceTree = "<group>"; };
		1857566D265955C3000B54C7 /* Base */ = {isa = PBXFileReference; lastKnownFileType = file.storyboard; name = Base; path = Base.lproj/LaunchScreen.storyboard; sourceTree = "<group>"; };
		1857566F265955C3000B54C7 /* Info.plist */ = {isa = PBXFileReference; lastKnownFileType = text.plist.xml; path = Info.plist; sourceTree = "<group>"; };
/* End PBXFileReference section */

/* Begin PBXFrameworksBuildPhase section */
		18575658265955C0000B54C7 /* Frameworks */ = {
			isa = PBXFrameworksBuildPhase;
			buildActionMask = 2147483647;
			files = (
			);
			runOnlyForDeploymentPostprocessing = 0;
		};
/* End PBXFrameworksBuildPhase section */

/* Begin PBXGroup section */
		18013794265C1432007FF09F /* Model */ = {
			isa = PBXGroup;
			children = (
				18013795265C143F007FF09F /* CoreData */,
			);
			path = Model;
			sourceTree = "<group>";
		};
		18013795265C143F007FF09F /* CoreData */ = {
			isa = PBXGroup;
			children = (
				180137A6265D3258007FF09F /* ProfileDM+CoreDataClass.swift */,
				180137A7265D3258007FF09F /* ProfileDM+CoreDataProperties.swift */,
				180137A8265D3258007FF09F /* FolderDM+CoreDataClass.swift */,
				180137BF265D490F007FF09F /* FolderDM+CoreDataProperties.swift */,
				180137AA265D3258007FF09F /* NoteDM+CoreDataClass.swift */,
				180137AB265D3258007FF09F /* NoteDM+CoreDataProperties.swift */,
				18013796265D2365007FF09F /* PersistenceManager.swift */,
			);
			path = CoreData;
			sourceTree = "<group>";
		};
		18575652265955C0000B54C7 = {
			isa = PBXGroup;
			children = (
				1857565D265955C1000B54C7 /* sNotes */,
				1857565C265955C1000B54C7 /* Products */,
			);
			sourceTree = "<group>";
		};
		1857565C265955C1000B54C7 /* Products */ = {
			isa = PBXGroup;
			children = (
				1857565B265955C1000B54C7 /* sNotes.app */,
			);
			name = Products;
			sourceTree = "<group>";
		};
		1857565D265955C1000B54C7 /* sNotes */ = {
			isa = PBXGroup;
			children = (
				18013794265C1432007FF09F /* Model */,
				1857565E265955C1000B54C7 /* AppDelegate.swift */,
				18575662265955C1000B54C7 /* ViewController.swift */,
				18575664265955C1000B54C7 /* Main.storyboard */,
				1857566A265955C3000B54C7 /* Assets.xcassets */,
				1857566C265955C3000B54C7 /* LaunchScreen.storyboard */,
				1857566F265955C3000B54C7 /* Info.plist */,
				18575667265955C1000B54C7 /* sNotes.xcdatamodeld */,
			);
			path = sNotes;
			sourceTree = "<group>";
		};
/* End PBXGroup section */

/* Begin PBXNativeTarget section */
		1857565A265955C0000B54C7 /* sNotes */ = {
			isa = PBXNativeTarget;
			buildConfigurationList = 18575672265955C3000B54C7 /* Build configuration list for PBXNativeTarget "sNotes" */;
			buildPhases = (
				18575657265955C0000B54C7 /* Sources */,
				18575658265955C0000B54C7 /* Frameworks */,
				18575659265955C0000B54C7 /* Resources */,
			);
			buildRules = (
			);
			dependencies = (
			);
			name = sNotes;
			productName = sNotes;
			productReference = 1857565B265955C1000B54C7 /* sNotes.app */;
			productType = "com.apple.product-type.application";
		};
/* End PBXNativeTarget section */

/* Begin PBXProject section */
		18575653265955C0000B54C7 /* Project object */ = {
			isa = PBXProject;
			attributes = {
				LastSwiftUpdateCheck = 1130;
				LastUpgradeCheck = 1130;
				ORGANIZATIONNAME = Apple;
				TargetAttributes = {
					1857565A265955C0000B54C7 = {
						CreatedOnToolsVersion = 11.3.1;
					};
				};
			};
			buildConfigurationList = 18575656265955C0000B54C7 /* Build configuration list for PBXProject "sNotes" */;
			compatibilityVersion = "Xcode 9.3";
			developmentRegion = en;
			hasScannedForEncodings = 0;
			knownRegions = (
				en,
				Base,
			);
			mainGroup = 18575652265955C0000B54C7;
			productRefGroup = 1857565C265955C1000B54C7 /* Products */;
			projectDirPath = "";
			projectRoot = "";
			targets = (
				1857565A265955C0000B54C7 /* sNotes */,
			);
		};
/* End PBXProject section */

/* Begin PBXResourcesBuildPhase section */
		18575659265955C0000B54C7 /* Resources */ = {
			isa = PBXResourcesBuildPhase;
			buildActionMask = 2147483647;
			files = (
				1857566E265955C3000B54C7 /* LaunchScreen.storyboard in Resources */,
				1857566B265955C3000B54C7 /* Assets.xcassets in Resources */,
				18575666265955C1000B54C7 /* Main.storyboard in Resources */,
			);
			runOnlyForDeploymentPostprocessing = 0;
		};
/* End PBXResourcesBuildPhase section */

/* Begin PBXSourcesBuildPhase section */
		18575657265955C0000B54C7 /* Sources */ = {
			isa = PBXSourcesBuildPhase;
			buildActionMask = 2147483647;
			files = (
				180137AE265D3258007FF09F /* FolderDM+CoreDataClass.swift in Sources */,
				18575663265955C1000B54C7 /* ViewController.swift in Sources */,
				180137C0265D490F007FF09F /* FolderDM+CoreDataProperties.swift in Sources */,
				18013797265D2365007FF09F /* PersistenceManager.swift in Sources */,
				1857565F265955C1000B54C7 /* AppDelegate.swift in Sources */,
				180137AD265D3258007FF09F /* ProfileDM+CoreDataProperties.swift in Sources */,
				180137B1265D3258007FF09F /* NoteDM+CoreDataProperties.swift in Sources */,
				180137AC265D3258007FF09F /* ProfileDM+CoreDataClass.swift in Sources */,
				18575669265955C1000B54C7 /* sNotes.xcdatamodeld in Sources */,
				180137B0265D3258007FF09F /* NoteDM+CoreDataClass.swift in Sources */,
			);
			runOnlyForDeploymentPostprocessing = 0;
		};
/* End PBXSourcesBuildPhase section */

/* Begin PBXVariantGroup section */
		18575664265955C1000B54C7 /* Main.storyboard */ = {
			isa = PBXVariantGroup;
			children = (
				18575665265955C1000B54C7 /* Base */,
			);
			name = Main.storyboard;
			sourceTree = "<group>";
		};
		1857566C265955C3000B54C7 /* LaunchScreen.storyboard */ = {
			isa = PBXVariantGroup;
			children = (
				1857566D265955C3000B54C7 /* Base */,
			);
			name = LaunchScreen.storyboard;
			sourceTree = "<group>";
		};
/* End PBXVariantGroup section */

/* Begin XCBuildConfiguration section */
		18575670265955C3000B54C7 /* Debug */ = {
			isa = XCBuildConfiguration;
			buildSettings = {
				ALWAYS_SEARCH_USER_PATHS = NO;
				CLANG_ANALYZER_NONNULL = YES;
				CLANG_ANALYZER_NUMBER_OBJECT_CONVERSION = YES_AGGRESSIVE;
				CLANG_CXX_LANGUAGE_STANDARD = "gnu++14";
				CLANG_CXX_LIBRARY = "libc++";
				CLANG_ENABLE_MODULES = YES;
				CLANG_ENABLE_OBJC_ARC = YES;
				CLANG_ENABLE_OBJC_WEAK = YES;
				CLANG_WARN_BLOCK_CAPTURE_AUTORELEASING = YES;
				CLANG_WARN_BOOL_CONVERSION = YES;
				CLANG_WARN_COMMA = YES;
				CLANG_WARN_CONSTANT_CONVERSION = YES;
				CLANG_WARN_DEPRECATED_OBJC_IMPLEMENTATIONS = YES;
				CLANG_WARN_DIRECT_OBJC_ISA_USAGE = YES_ERROR;
				CLANG_WARN_DOCUMENTATION_COMMENTS = YES;
				CLANG_WARN_EMPTY_BODY = YES;
				CLANG_WARN_ENUM_CONVERSION = YES;
				CLANG_WARN_INFINITE_RECURSION = YES;
				CLANG_WARN_INT_CONVERSION = YES;
				CLANG_WARN_NON_LITERAL_NULL_CONVERSION = YES;
				CLANG_WARN_OBJC_IMPLICIT_RETAIN_SELF = YES;
				CLANG_WARN_OBJC_LITERAL_CONVERSION = YES;
				CLANG_WARN_OBJC_ROOT_CLASS = YES_ERROR;
				CLANG_WARN_RANGE_LOOP_ANALYSIS = YES;
				CLANG_WARN_STRICT_PROTOTYPES = YES;
				CLANG_WARN_SUSPICIOUS_MOVE = YES;
				CLANG_WARN_UNGUARDED_AVAILABILITY = YES_AGGRESSIVE;
				CLANG_WARN_UNREACHABLE_CODE = YES;
				CLANG_WARN__DUPLICATE_METHOD_MATCH = YES;
				COPY_PHASE_STRIP = NO;
				DEBUG_INFORMATION_FORMAT = dwarf;
				ENABLE_STRICT_OBJC_MSGSEND = YES;
				ENABLE_TESTABILITY = YES;
				GCC_C_LANGUAGE_STANDARD = gnu11;
				GCC_DYNAMIC_NO_PIC = NO;
				GCC_NO_COMMON_BLOCKS = YES;
				GCC_OPTIMIZATION_LEVEL = 0;
				GCC_PREPROCESSOR_DEFINITIONS = (
					"DEBUG=1",
					"$(inherited)",
				);
				GCC_WARN_64_TO_32_BIT_CONVERSION = YES;
				GCC_WARN_ABOUT_RETURN_TYPE = YES_ERROR;
				GCC_WARN_UNDECLARED_SELECTOR = YES;
				GCC_WARN_UNINITIALIZED_AUTOS = YES_AGGRESSIVE;
				GCC_WARN_UNUSED_FUNCTION = YES;
				GCC_WARN_UNUSED_VARIABLE = YES;
				IPHONEOS_DEPLOYMENT_TARGET = 13.2;
				MTL_ENABLE_DEBUG_INFO = INCLUDE_SOURCE;
				MTL_FAST_MATH = YES;
				ONLY_ACTIVE_ARCH = YES;
				SDKROOT = iphoneos;
				SWIFT_ACTIVE_COMPILATION_CONDITIONS = DEBUG;
				SWIFT_OPTIMIZATION_LEVEL = "-Onone";
			};
			name = Debug;
		};
		18575671265955C3000B54C7 /* Release */ = {
			isa = XCBuildConfiguration;
			buildSettings = {
				ALWAYS_SEARCH_USER_PATHS = NO;
				CLANG_ANALYZER_NONNULL = YES;
				CLANG_ANALYZER_NUMBER_OBJECT_CONVERSION = YES_AGGRESSIVE;
				CLANG_CXX_LANGUAGE_STANDARD = "gnu++14";
				CLANG_CXX_LIBRARY = "libc++";
				CLANG_ENABLE_MODULES = YES;
				CLANG_ENABLE_OBJC_ARC = YES;
				CLANG_ENABLE_OBJC_WEAK = YES;
				CLANG_WARN_BLOCK_CAPTURE_AUTORELEASING = YES;
				CLANG_WARN_BOOL_CONVERSION = YES;
				CLANG_WARN_COMMA = YES;
				CLANG_WARN_CONSTANT_CONVERSION = YES;
				CLANG_WARN_DEPRECATED_OBJC_IMPLEMENTATIONS = YES;
				CLANG_WARN_DIRECT_OBJC_ISA_USAGE = YES_ERROR;
				CLANG_WARN_DOCUMENTATION_COMMENTS = YES;
				CLANG_WARN_EMPTY_BODY = YES;
				CLANG_WARN_ENUM_CONVERSION = YES;
				CLANG_WARN_INFINITE_RECURSION = YES;
				CLANG_WARN_INT_CONVERSION = YES;
				CLANG_WARN_NON_LITERAL_NULL_CONVERSION = YES;
				CLANG_WARN_OBJC_IMPLICIT_RETAIN_SELF = YES;
				CLANG_WARN_OBJC_LITERAL_CONVERSION = YES;
				CLANG_WARN_OBJC_ROOT_CLASS = YES_ERROR;
				CLANG_WARN_RANGE_LOOP_ANALYSIS = YES;
				CLANG_WARN_STRICT_PROTOTYPES = YES;
				CLANG_WARN_SUSPICIOUS_MOVE = YES;
				CLANG_WARN_UNGUARDED_AVAILABILITY = YES_AGGRESSIVE;
				CLANG_WARN_UNREACHABLE_CODE = YES;
				CLANG_WARN__DUPLICATE_METHOD_MATCH = YES;
				COPY_PHASE_STRIP = NO;
				DEBUG_INFORMATION_FORMAT = "dwarf-with-dsym";
				ENABLE_NS_ASSERTIONS = NO;
				ENABLE_STRICT_OBJC_MSGSEND = YES;
				GCC_C_LANGUAGE_STANDARD = gnu11;
				GCC_NO_COMMON_BLOCKS = YES;
				GCC_WARN_64_TO_32_BIT_CONVERSION = YES;
				GCC_WARN_ABOUT_RETURN_TYPE = YES_ERROR;
				GCC_WARN_UNDECLARED_SELECTOR = YES;
				GCC_WARN_UNINITIALIZED_AUTOS = YES_AGGRESSIVE;
				GCC_WARN_UNUSED_FUNCTION = YES;
				GCC_WARN_UNUSED_VARIABLE = YES;
				IPHONEOS_DEPLOYMENT_TARGET = 13.2;
				MTL_ENABLE_DEBUG_INFO = NO;
				MTL_FAST_MATH = YES;
				SDKROOT = iphoneos;
				SWIFT_COMPILATION_MODE = wholemodule;
				SWIFT_OPTIMIZATION_LEVEL = "-O";
				VALIDATE_PRODUCT = YES;
			};
			name = Release;
		};
		18575673265955C3000B54C7 /* Debug */ = {
			isa = XCBuildConfiguration;
			buildSettings = {
				ASSETCATALOG_COMPILER_APPICON_NAME = AppIcon;
				CODE_SIGN_STYLE = Automatic;
				DEVELOPMENT_TEAM = QGL33QJD4K;
				INFOPLIST_FILE = sNotes/Info.plist;
				LD_RUNPATH_SEARCH_PATHS = (
					"$(inherited)",
					"@executable_path/Frameworks",
				);
				PRODUCT_BUNDLE_IDENTIFIER = SergeySedov.sNotes;
				PRODUCT_NAME = "$(TARGET_NAME)";
				SWIFT_VERSION = 5.0;
				TARGETED_DEVICE_FAMILY = "1,2";
			};
			name = Debug;
		};
		18575674265955C3000B54C7 /* Release */ = {
			isa = XCBuildConfiguration;
			buildSettings = {
				ASSETCATALOG_COMPILER_APPICON_NAME = AppIcon;
				CODE_SIGN_STYLE = Automatic;
				DEVELOPMENT_TEAM = QGL33QJD4K;
				INFOPLIST_FILE = sNotes/Info.plist;
				LD_RUNPATH_SEARCH_PATHS = (
					"$(inherited)",
					"@executable_path/Frameworks",
				);
				PRODUCT_BUNDLE_IDENTIFIER = SergeySedov.sNotes;
				PRODUCT_NAME = "$(TARGET_NAME)";
				SWIFT_VERSION = 5.0;
				TARGETED_DEVICE_FAMILY = "1,2";
			};
			name = Release;
		};
/* End XCBuildConfiguration section */

/* Begin XCConfigurationList section */
		18575656265955C0000B54C7 /* Build configuration list for PBXProject "sNotes" */ = {
			isa = XCConfigurationList;
			buildConfigurations = (
				18575670265955C3000B54C7 /* Debug */,
				18575671265955C3000B54C7 /* Release */,
			);
			defaultConfigurationIsVisible = 0;
			defaultConfigurationName = Release;
		};
		18575672265955C3000B54C7 /* Build configuration list for PBXNativeTarget "sNotes" */ = {
			isa = XCConfigurationList;
			buildConfigurations = (
				18575673265955C3000B54C7 /* Debug */,
				18575674265955C3000B54C7 /* Release */,
			);
			defaultConfigurationIsVisible = 0;
			defaultConfigurationName = Release;
		};
/* End XCConfigurationList section */

/* Begin XCVersionGroup section */
		18575667265955C1000B54C7 /* sNotes.xcdatamodeld */ = {
			isa = XCVersionGroup;
			children = (
				18575668265955C1000B54C7 /* sNotes.xcdatamodel */,
			);
			currentVersion = 18575668265955C1000B54C7 /* sNotes.xcdatamodel */;
			path = sNotes.xcdatamodeld;
			sourceTree = "<group>";
			versionGroupType = wrapper.xcdatamodel;
		};
/* End XCVersionGroup section */
	};
	rootObject = 18575653265955C0000B54C7 /* Project object */;
}
